
Microsoft Visual Studio Solution File, Format Version 12.00
# Visual Studio Version 16
VisualStudioVersion = 16.0.29728.190
MinimumVisualStudioVersion = 10.0.40219.1
Project("{FAE04EC0-301F-11D3-BF4B-00C04F79EFBC}") = "VirusScanTest.Console", "VirusScanTest.Console\VirusScanTest.Console.csproj", "{BEC13224-8BCD-4A5E-AEA8-3A7C1C7D190F}"
EndProject
Global
	GlobalSection(SolutionConfigurationPlatforms) = preSolution
		Debug|Any CPU = Debug|Any CPU
		Release|Any CPU = Release|Any CPU
	EndGlobalSection
	GlobalSection(ProjectConfigurationPlatforms) = postSolution
		{BEC13224-8BCD-4A5E-AEA8-3A7C1C7D190F}.Debug|Any CPU.ActiveCfg = Debug|Any CPU
		{BEC13224-8BCD-4A5E-AEA8-3A7C1C7D190F}.Debug|Any CPU.Build.0 = Debug|Any CPU
		{BEC13224-8BCD-4A5E-AEA8-3A7C1C7D190F}.Release|Any CPU.ActiveCfg = Release|Any CPU
		{BEC13224-8BCD-4A5E-AEA8-3A7C1C7D190F}.Release|Any CPU.Build.0 = Release|Any CPU
	EndGlobalSection
	GlobalSection(SolutionProperties) = preSolution
		HideSolutionNode = FALSE
	EndGlobalSection
	GlobalSection(ExtensibilityGlobals) = postSolution
		SolutionGuid = {30360E17-868E-46A0-B9D1-F80A4DC28E29}
	EndGlobalSection
EndGlobal
